// !$*UTF8*$!
{
	archiveVersion = 1;
	classes = {
	};
	objectVersion = 56;
	objects = {

/* Begin PBXBuildFile section */
		765948DE2BAE31A200484663 /* AppDelegate.swift in Sources */ = {isa = PBXBuildFile; fileRef = 765948DD2BAE31A200484663 /* AppDelegate.swift */; };
		765948E02BAE31A200484663 /* GameScene.sks in Resources */ = {isa = PBXBuildFile; fileRef = 765948DF2BAE31A200484663 /* GameScene.sks */; };
		765948E22BAE31A200484663 /* Actions.sks in Resources */ = {isa = PBXBuildFile; fileRef = 765948E12BAE31A200484663 /* Actions.sks */; };
		765948E42BAE31A200484663 /* GameScene.swift in Sources */ = {isa = PBXBuildFile; fileRef = 765948E32BAE31A200484663 /* GameScene.swift */; };
		765948E62BAE31A200484663 /* GameViewController.swift in Sources */ = {isa = PBXBuildFile; fileRef = 765948E52BAE31A200484663 /* GameViewController.swift */; };
		765948E92BAE31A200484663 /* Base in Resources */ = {isa = PBXBuildFile; fileRef = 765948E82BAE31A200484663 /* Base */; };
		765948EB2BAE31A400484663 /* Assets.xcassets in Resources */ = {isa = PBXBuildFile; fileRef = 765948EA2BAE31A400484663 /* Assets.xcassets */; };
		765948EE2BAE31A400484663 /* Base in Resources */ = {isa = PBXBuildFile; fileRef = 765948ED2BAE31A400484663 /* Base */; };
		765948F82BAE31A500484663 /* Lab9GameTests.swift in Sources */ = {isa = PBXBuildFile; fileRef = 765948F72BAE31A500484663 /* Lab9GameTests.swift */; };
		765949022BAE31A500484663 /* Lab9GameUITests.swift in Sources */ = {isa = PBXBuildFile; fileRef = 765949012BAE31A500484663 /* Lab9GameUITests.swift */; };
		765949042BAE31A500484663 /* Lab9GameUITestsLaunchTests.swift in Sources */ = {isa = PBXBuildFile; fileRef = 765949032BAE31A500484663 /* Lab9GameUITestsLaunchTests.swift */; };
/* End PBXBuildFile section */

/* Begin PBXContainerItemProxy section */
		765948F42BAE31A500484663 /* PBXContainerItemProxy */ = {
			isa = PBXContainerItemProxy;
			containerPortal = 765948D22BAE31A200484663 /* Project object */;
			proxyType = 1;
			remoteGlobalIDString = 765948D92BAE31A200484663;
			remoteInfo = Lab9Game;
		};
		765948FE2BAE31A500484663 /* PBXContainerItemProxy */ = {
			isa = PBXContainerItemProxy;
			containerPortal = 765948D22BAE31A200484663 /* Project object */;
			proxyType = 1;
			remoteGlobalIDString = 765948D92BAE31A200484663;
			remoteInfo = Lab9Game;
		};
/* End PBXContainerItemProxy section */

/* Begin PBXFileReference section */
		765948DA2BAE31A200484663 /* Lab9Game.app */ = {isa = PBXFileReference; explicitFileType = wrapper.application; includeInIndex = 0; path = Lab9Game.app; sourceTree = BUILT_PRODUCTS_DIR; };
		765948DD2BAE31A200484663 /* AppDelegate.swift */ = {isa = PBXFileReference; lastKnownFileType = sourcecode.swift; path = AppDelegate.swift; sourceTree = "<group>"; };
		765948DF2BAE31A200484663 /* GameScene.sks */ = {isa = PBXFileReference; lastKnownFileType = file.sks; path = GameScene.sks; sourceTree = "<group>"; };
		765948E12BAE31A200484663 /* Actions.sks */ = {isa = PBXFileReference; lastKnownFileType = file.sks; path = Actions.sks; sourceTree = "<group>"; };
		765948E32BAE31A200484663 /* GameScene.swift */ = {isa = PBXFileReference; lastKnownFileType = sourcecode.swift; path = GameScene.swift; sourceTree = "<group>"; };
		765948E52BAE31A200484663 /* GameViewController.swift */ = {isa = PBXFileReference; lastKnownFileType = sourcecode.swift; path = GameViewController.swift; sourceTree = "<group>"; };
		765948E82BAE31A200484663 /* Base */ = {isa = PBXFileReference; lastKnownFileType = file.storyboard; name = Base; path = Base.lproj/Main.storyboard; sourceTree = "<group>"; };
		765948EA2BAE31A400484663 /* Assets.xcassets */ = {isa = PBXFileReference; lastKnownFileType = folder.assetcatalog; path = Assets.xcassets; sourceTree = "<group>"; };
		765948ED2BAE31A400484663 /* Base */ = {isa = PBXFileReference; lastKnownFileType = file.storyboard; name = Base; path = Base.lproj/LaunchScreen.storyboard; sourceTree = "<group>"; };
		765948F32BAE31A500484663 /* Lab9GameTests.xctest */ = {isa = PBXFileReference; explicitFileType = wrapper.cfbundle; includeInIndex = 0; path = Lab9GameTests.xctest; sourceTree = BUILT_PRODUCTS_DIR; };
		765948F72BAE31A500484663 /* Lab9GameTests.swift */ = {isa = PBXFileReference; lastKnownFileType = sourcecode.swift; path = Lab9GameTests.swift; sourceTree = "<group>"; };
		765948FD2BAE31A500484663 /* Lab9GameUITests.xctest */ = {isa = PBXFileReference; explicitFileType = wrapper.cfbundle; includeInIndex = 0; path = Lab9GameUITests.xctest; sourceTree = BUILT_PRODUCTS_DIR; };
		765949012BAE31A500484663 /* Lab9GameUITests.swift */ = {isa = PBXFileReference; lastKnownFileType = sourcecode.swift; path = Lab9GameUITests.swift; sourceTree = "<group>"; };
		765949032BAE31A500484663 /* Lab9GameUITestsLaunchTests.swift */ = {isa = PBXFileReference; lastKnownFileType = sourcecode.swift; path = Lab9GameUITestsLaunchTests.swift; sourceTree = "<group>"; };
/* End PBXFileReference section */

/* Begin PBXFrameworksBuildPhase section */
		765948D72BAE31A200484663 /* Frameworks */ = {
			isa = PBXFrameworksBuildPhase;
			buildActionMask = 2147483647;
			files = (
			);
			runOnlyForDeploymentPostprocessing = 0;
		};
		765948F02BAE31A500484663 /* Frameworks */ = {
			isa = PBXFrameworksBuildPhase;
			buildActionMask = 2147483647;
			files = (
			);
			runOnlyForDeploymentPostprocessing = 0;
		};
		765948FA2BAE31A500484663 /* Frameworks */ = {
			isa = PBXFrameworksBuildPhase;
			buildActionMask = 2147483647;
			files = (
			);
			runOnlyForDeploymentPostprocessing = 0;
		};
/* End PBXFrameworksBuildPhase section */

/* Begin PBXGroup section */
		765948D12BAE31A200484663 = {
			isa = PBXGroup;
			children = (
				765948DC2BAE31A200484663 /* Lab9Game */,
				765948F62BAE31A500484663 /* Lab9GameTests */,
				765949002BAE31A500484663 /* Lab9GameUITests */,
				765948DB2BAE31A200484663 /* Products */,
			);
			sourceTree = "<group>";
		};
		765948DB2BAE31A200484663 /* Products */ = {
			isa = PBXGroup;
			children = (
				765948DA2BAE31A200484663 /* Lab9Game.app */,
				765948F32BAE31A500484663 /* Lab9GameTests.xctest */,
				765948FD2BAE31A500484663 /* Lab9GameUITests.xctest */,
			);
			name = Products;
			sourceTree = "<group>";
		};
		765948DC2BAE31A200484663 /* Lab9Game */ = {
			isa = PBXGroup;
			children = (
				765948DD2BAE31A200484663 /* AppDelegate.swift */,
				765948DF2BAE31A200484663 /* GameScene.sks */,
				765948E12BAE31A200484663 /* Actions.sks */,
				765948E32BAE31A200484663 /* GameScene.swift */,
				765948E52BAE31A200484663 /* GameViewController.swift */,
				765948E72BAE31A200484663 /* Main.storyboard */,
				765948EA2BAE31A400484663 /* Assets.xcassets */,
				765948EC2BAE31A400484663 /* LaunchScreen.storyboard */,
			);
			path = Lab9Game;
			sourceTree = "<group>";
		};
		765948F62BAE31A500484663 /* Lab9GameTests */ = {
			isa = PBXGroup;
			children = (
				765948F72BAE31A500484663 /* Lab9GameTests.swift */,
			);
			path = Lab9GameTests;
			sourceTree = "<group>";
		};
		765949002BAE31A500484663 /* Lab9GameUITests */ = {
			isa = PBXGroup;
			children = (
				765949012BAE31A500484663 /* Lab9GameUITests.swift */,
				765949032BAE31A500484663 /* Lab9GameUITestsLaunchTests.swift */,
			);
			path = Lab9GameUITests;
			sourceTree = "<group>";
		};
/* End PBXGroup section */

/* Begin PBXNativeTarget section */
		765948D92BAE31A200484663 /* Lab9Game */ = {
			isa = PBXNativeTarget;
			buildConfigurationList = 765949072BAE31A500484663 /* Build configuration list for PBXNativeTarget "Lab9Game" */;
			buildPhases = (
				765948D62BAE31A200484663 /* Sources */,
				765948D72BAE31A200484663 /* Frameworks */,
				765948D82BAE31A200484663 /* Resources */,
			);
			buildRules = (
			);
			dependencies = (
			);
			name = Lab9Game;
			productName = Lab9Game;
			productReference = 765948DA2BAE31A200484663 /* Lab9Game.app */;
			productType = "com.apple.product-type.application";
		};
		765948F22BAE31A500484663 /* Lab9GameTests */ = {
			isa = PBXNativeTarget;
			buildConfigurationList = 7659490A2BAE31A500484663 /* Build configuration list for PBXNativeTarget "Lab9GameTests" */;
			buildPhases = (
				765948EF2BAE31A500484663 /* Sources */,
				765948F02BAE31A500484663 /* Frameworks */,
				765948F12BAE31A500484663 /* Resources */,
			);
			buildRules = (
			);
			dependencies = (
				765948F52BAE31A500484663 /* PBXTargetDependency */,
			);
			name = Lab9GameTests;
			productName = Lab9GameTests;
			productReference = 765948F32BAE31A500484663 /* Lab9GameTests.xctest */;
			productType = "com.apple.product-type.bundle.unit-test";
		};
		765948FC2BAE31A500484663 /* Lab9GameUITests */ = {
			isa = PBXNativeTarget;
			buildConfigurationList = 7659490D2BAE31A500484663 /* Build configuration list for PBXNativeTarget "Lab9GameUITests" */;
			buildPhases = (
				765948F92BAE31A500484663 /* Sources */,
				765948FA2BAE31A500484663 /* Frameworks */,
				765948FB2BAE31A500484663 /* Resources */,
			);
			buildRules = (
			);
			dependencies = (
				765948FF2BAE31A500484663 /* PBXTargetDependency */,
			);
			name = Lab9GameUITests;
			productName = Lab9GameUITests;
			productReference = 765948FD2BAE31A500484663 /* Lab9GameUITests.xctest */;
			productType = "com.apple.product-type.bundle.ui-testing";
		};
/* End PBXNativeTarget section */

/* Begin PBXProject section */
		765948D22BAE31A200484663 /* Project object */ = {
			isa = PBXProject;
			attributes = {
				BuildIndependentTargetsInParallel = 1;
				LastSwiftUpdateCheck = 1530;
				LastUpgradeCheck = 1530;
				TargetAttributes = {
					765948D92BAE31A200484663 = {
						CreatedOnToolsVersion = 15.3;
					};
					765948F22BAE31A500484663 = {
						CreatedOnToolsVersion = 15.3;
						TestTargetID = 765948D92BAE31A200484663;
					};
					765948FC2BAE31A500484663 = {
						CreatedOnToolsVersion = 15.3;
						TestTargetID = 765948D92BAE31A200484663;
					};
				};
			};
			buildConfigurationList = 765948D52BAE31A200484663 /* Build configuration list for PBXProject "Lab9Game" */;
			compatibilityVersion = "Xcode 14.0";
			developmentRegion = en;
			hasScannedForEncodings = 0;
			knownRegions = (
				en,
				Base,
			);
			mainGroup = 765948D12BAE31A200484663;
			productRefGroup = 765948DB2BAE31A200484663 /* Products */;
			projectDirPath = "";
			projectRoot = "";
			targets = (
				765948D92BAE31A200484663 /* Lab9Game */,
				765948F22BAE31A500484663 /* Lab9GameTests */,
				765948FC2BAE31A500484663 /* Lab9GameUITests */,
			);
		};
/* End PBXProject section */

/* Begin PBXResourcesBuildPhase section */
		765948D82BAE31A200484663 /* Resources */ = {
			isa = PBXResourcesBuildPhase;
			buildActionMask = 2147483647;
			files = (
				765948E02BAE31A200484663 /* GameScene.sks in Resources */,
				765948E92BAE31A200484663 /* Base in Resources */,
				765948EB2BAE31A400484663 /* Assets.xcassets in Resources */,
				765948E22BAE31A200484663 /* Actions.sks in Resources */,
				765948EE2BAE31A400484663 /* Base in Resources */,
			);
			runOnlyForDeploymentPostprocessing = 0;
		};
		765948F12BAE31A500484663 /* Resources */ = {
			isa = PBXResourcesBuildPhase;
			buildActionMask = 2147483647;
			files = (
			);
			runOnlyForDeploymentPostprocessing = 0;
		};
		765948FB2BAE31A500484663 /* Resources */ = {
			isa = PBXResourcesBuildPhase;
			buildActionMask = 2147483647;
			files = (
			);
			runOnlyForDeploymentPostprocessing = 0;
		};
/* End PBXResourcesBuildPhase section */

/* Begin PBXSourcesBuildPhase section */
		765948D62BAE31A200484663 /* Sources */ = {
			isa = PBXSourcesBuildPhase;
			buildActionMask = 2147483647;
			files = (
				765948E42BAE31A200484663 /* GameScene.swift in Sources */,
				765948E62BAE31A200484663 /* GameViewController.swift in Sources */,
				765948DE2BAE31A200484663 /* AppDelegate.swift in Sources */,
			);
			runOnlyForDeploymentPostprocessing = 0;
		};
		765948EF2BAE31A500484663 /* Sources */ = {
			isa = PBXSourcesBuildPhase;
			buildActionMask = 2147483647;
			files = (
				765948F82BAE31A500484663 /* Lab9GameTests.swift in Sources */,
			);
			runOnlyForDeploymentPostprocessing = 0;
		};
		765948F92BAE31A500484663 /* Sources */ = {
			isa = PBXSourcesBuildPhase;
			buildActionMask = 2147483647;
			files = (
				765949042BAE31A500484663 /* Lab9GameUITestsLaunchTests.swift in Sources */,
				765949022BAE31A500484663 /* Lab9GameUITests.swift in Sources */,
			);
			runOnlyForDeploymentPostprocessing = 0;
		};
/* End PBXSourcesBuildPhase section */

/* Begin PBXTargetDependency section */
		765948F52BAE31A500484663 /* PBXTargetDependency */ = {
			isa = PBXTargetDependency;
			target = 765948D92BAE31A200484663 /* Lab9Game */;
			targetProxy = 765948F42BAE31A500484663 /* PBXContainerItemProxy */;
		};
		765948FF2BAE31A500484663 /* PBXTargetDependency */ = {
			isa = PBXTargetDependency;
			target = 765948D92BAE31A200484663 /* Lab9Game */;
			targetProxy = 765948FE2BAE31A500484663 /* PBXContainerItemProxy */;
		};
/* End PBXTargetDependency section */

/* Begin PBXVariantGroup section */
		765948E72BAE31A200484663 /* Main.storyboard */ = {
			isa = PBXVariantGroup;
			children = (
				765948E82BAE31A200484663 /* Base */,
			);
			name = Main.storyboard;
			sourceTree = "<group>";
		};
		765948EC2BAE31A400484663 /* LaunchScreen.storyboard */ = {
			isa = PBXVariantGroup;
			children = (
				765948ED2BAE31A400484663 /* Base */,
			);
			name = LaunchScreen.storyboard;
			sourceTree = "<group>";
		};
/* End PBXVariantGroup section */

/* Begin XCBuildConfiguration section */
		765949052BAE31A500484663 /* Debug */ = {
			isa = XCBuildConfiguration;
			buildSettings = {
				ALWAYS_SEARCH_USER_PATHS = NO;
				ASSETCATALOG_COMPILER_GENERATE_SWIFT_ASSET_SYMBOL_EXTENSIONS = YES;
				CLANG_ANALYZER_NONNULL = YES;
				CLANG_ANALYZER_NUMBER_OBJECT_CONVERSION = YES_AGGRESSIVE;
				CLANG_CXX_LANGUAGE_STANDARD = "gnu++20";
				CLANG_ENABLE_MODULES = YES;
				CLANG_ENABLE_OBJC_ARC = YES;
				CLANG_ENABLE_OBJC_WEAK = YES;
				CLANG_WARN_BLOCK_CAPTURE_AUTORELEASING = YES;
				CLANG_WARN_BOOL_CONVERSION = YES;
				CLANG_WARN_COMMA = YES;
				CLANG_WARN_CONSTANT_CONVERSION = YES;
				CLANG_WARN_DEPRECATED_OBJC_IMPLEMENTATIONS = YES;
				CLANG_WARN_DIRECT_OBJC_ISA_USAGE = YES_ERROR;
				CLANG_WARN_DOCUMENTATION_COMMENTS = YES;
				CLANG_WARN_EMPTY_BODY = YES;
				CLANG_WARN_ENUM_CONVERSION = YES;
				CLANG_WARN_INFINITE_RECURSION = YES;
				CLANG_WARN_INT_CONVERSION = YES;
				CLANG_WARN_NON_LITERAL_NULL_CONVERSION = YES;
				CLANG_WARN_OBJC_IMPLICIT_RETAIN_SELF = YES;
				CLANG_WARN_OBJC_LITERAL_CONVERSION = YES;
				CLANG_WARN_OBJC_ROOT_CLASS = YES_ERROR;
				CLANG_WARN_QUOTED_INCLUDE_IN_FRAMEWORK_HEADER = YES;
				CLANG_WARN_RANGE_LOOP_ANALYSIS = YES;
				CLANG_WARN_STRICT_PROTOTYPES = YES;
				CLANG_WARN_SUSPICIOUS_MOVE = YES;
				CLANG_WARN_UNGUARDED_AVAILABILITY = YES_AGGRESSIVE;
				CLANG_WARN_UNREACHABLE_CODE = YES;
				CLANG_WARN__DUPLICATE_METHOD_MATCH = YES;
				COPY_PHASE_STRIP = NO;
				DEBUG_INFORMATION_FORMAT = dwarf;
				ENABLE_STRICT_OBJC_MSGSEND = YES;
				ENABLE_TESTABILITY = YES;
				ENABLE_USER_SCRIPT_SANDBOXING = YES;
				GCC_C_LANGUAGE_STANDARD = gnu17;
				GCC_DYNAMIC_NO_PIC = NO;
				GCC_NO_COMMON_BLOCKS = YES;
				GCC_OPTIMIZATION_LEVEL = 0;
				GCC_PREPROCESSOR_DEFINITIONS = (
					"DEBUG=1",
					"$(inherited)",
				);
				GCC_WARN_64_TO_32_BIT_CONVERSION = YES;
				GCC_WARN_ABOUT_RETURN_TYPE = YES_ERROR;
				GCC_WARN_UNDECLARED_SELECTOR = YES;
				GCC_WARN_UNINITIALIZED_AUTOS = YES_AGGRESSIVE;
				GCC_WARN_UNUSED_FUNCTION = YES;
				GCC_WARN_UNUSED_VARIABLE = YES;
				IPHONEOS_DEPLOYMENT_TARGET = 17.4;
				LOCALIZATION_PREFERS_STRING_CATALOGS = YES;
				MTL_ENABLE_DEBUG_INFO = INCLUDE_SOURCE;
				MTL_FAST_MATH = YES;
				ONLY_ACTIVE_ARCH = YES;
				SDKROOT = iphoneos;
				SWIFT_ACTIVE_COMPILATION_CONDITIONS = "DEBUG $(inherited)";
				SWIFT_OPTIMIZATION_LEVEL = "-Onone";
			};
			name = Debug;
		};
		765949062BAE31A500484663 /* Release */ = {
			isa = XCBuildConfiguration;
			buildSettings = {
				ALWAYS_SEARCH_USER_PATHS = NO;
				ASSETCATALOG_COMPILER_GENERATE_SWIFT_ASSET_SYMBOL_EXTENSIONS = YES;
				CLANG_ANALYZER_NONNULL = YES;
				CLANG_ANALYZER_NUMBER_OBJECT_CONVERSION = YES_AGGRESSIVE;
				CLANG_CXX_LANGUAGE_STANDARD = "gnu++20";
				CLANG_ENABLE_MODULES = YES;
				CLANG_ENABLE_OBJC_ARC = YES;
				CLANG_ENABLE_OBJC_WEAK = YES;
				CLANG_WARN_BLOCK_CAPTURE_AUTORELEASING = YES;
				CLANG_WARN_BOOL_CONVERSION = YES;
				CLANG_WARN_COMMA = YES;
				CLANG_WARN_CONSTANT_CONVERSION = YES;
				CLANG_WARN_DEPRECATED_OBJC_IMPLEMENTATIONS = YES;
				CLANG_WARN_DIRECT_OBJC_ISA_USAGE = YES_ERROR;
				CLANG_WARN_DOCUMENTATION_COMMENTS = YES;
				CLANG_WARN_EMPTY_BODY = YES;
				CLANG_WARN_ENUM_CONVERSION = YES;
				CLANG_WARN_INFINITE_RECURSION = YES;
				CLANG_WARN_INT_CONVERSION = YES;
				CLANG_WARN_NON_LITERAL_NULL_CONVERSION = YES;
				CLANG_WARN_OBJC_IMPLICIT_RETAIN_SELF = YES;
				CLANG_WARN_OBJC_LITERAL_CONVERSION = YES;
				CLANG_WARN_OBJC_ROOT_CLASS = YES_ERROR;
				CLANG_WARN_QUOTED_INCLUDE_IN_FRAMEWORK_HEADER = YES;
				CLANG_WARN_RANGE_LOOP_ANALYSIS = YES;
				CLANG_WARN_STRICT_PROTOTYPES = YES;
				CLANG_WARN_SUSPICIOUS_MOVE = YES;
				CLANG_WARN_UNGUARDED_AVAILABILITY = YES_AGGRESSIVE;
				CLANG_WARN_UNREACHABLE_CODE = YES;
				CLANG_WARN__DUPLICATE_METHOD_MATCH = YES;
				COPY_PHASE_STRIP = NO;
				DEBUG_INFORMATION_FORMAT = "dwarf-with-dsym";
				ENABLE_NS_ASSERTIONS = NO;
				ENABLE_STRICT_OBJC_MSGSEND = YES;
				ENABLE_USER_SCRIPT_SANDBOXING = YES;
				GCC_C_LANGUAGE_STANDARD = gnu17;
				GCC_NO_COMMON_BLOCKS = YES;
				GCC_WARN_64_TO_32_BIT_CONVERSION = YES;
				GCC_WARN_ABOUT_RETURN_TYPE = YES_ERROR;
				GCC_WARN_UNDECLARED_SELECTOR = YES;
				GCC_WARN_UNINITIALIZED_AUTOS = YES_AGGRESSIVE;
				GCC_WARN_UNUSED_FUNCTION = YES;
				GCC_WARN_UNUSED_VARIABLE = YES;
				IPHONEOS_DEPLOYMENT_TARGET = 17.4;
				LOCALIZATION_PREFERS_STRING_CATALOGS = YES;
				MTL_ENABLE_DEBUG_INFO = NO;
				MTL_FAST_MATH = YES;
				SDKROOT = iphoneos;
				SWIFT_COMPILATION_MODE = wholemodule;
				VALIDATE_PRODUCT = YES;
			};
			name = Release;
		};
		765949082BAE31A500484663 /* Debug */ = {
			isa = XCBuildConfiguration;
			buildSettings = {
				ASSETCATALOG_COMPILER_APPICON_NAME = AppIcon;
				ASSETCATALOG_COMPILER_GLOBAL_ACCENT_COLOR_NAME = AccentColor;
				CODE_SIGN_STYLE = Automatic;
				CURRENT_PROJECT_VERSION = 1;
				GENERATE_INFOPLIST_FILE = YES;
				INFOPLIST_KEY_UIApplicationSupportsIndirectInputEvents = YES;
				INFOPLIST_KEY_UILaunchStoryboardName = LaunchScreen;
				INFOPLIST_KEY_UIMainStoryboardFile = Main;
				INFOPLIST_KEY_UIStatusBarHidden = YES;
				INFOPLIST_KEY_UISupportedInterfaceOrientations_iPad = "UIInterfaceOrientationPortrait UIInterfaceOrientationPortraitUpsideDown UIInterfaceOrientationLandscapeLeft UIInterfaceOrientationLandscapeRight";
				INFOPLIST_KEY_UISupportedInterfaceOrientations_iPhone = "UIInterfaceOrientationPortrait UIInterfaceOrientationLandscapeLeft UIInterfaceOrientationLandscapeRight";
				LD_RUNPATH_SEARCH_PATHS = (
					"$(inherited)",
					"@executable_path/Frameworks",
				);
				MARKETING_VERSION = 1.0;
				PRODUCT_BUNDLE_IDENTIFIER = "ca.camosun.ics21-126.Lab9Game";
				PRODUCT_NAME = "$(TARGET_NAME)";
				SWIFT_EMIT_LOC_STRINGS = YES;
				SWIFT_VERSION = 5.0;
				TARGETED_DEVICE_FAMILY = "1,2";
			};
			name = Debug;
		};
		765949092BAE31A500484663 /* Release */ = {
			isa = XCBuildConfiguration;
			buildSettings = {
				ASSETCATALOG_COMPILER_APPICON_NAME = AppIcon;
				ASSETCATALOG_COMPILER_GLOBAL_ACCENT_COLOR_NAME = AccentColor;
				CODE_SIGN_STYLE = Automatic;
				CURRENT_PROJECT_VERSION = 1;
				GENERATE_INFOPLIST_FILE = YES;
				INFOPLIST_KEY_UIApplicationSupportsIndirectInputEvents = YES;
				INFOPLIST_KEY_UILaunchStoryboardName = LaunchScreen;
				INFOPLIST_KEY_UIMainStoryboardFile = Main;
				INFOPLIST_KEY_UIStatusBarHidden = YES;
				INFOPLIST_KEY_UISupportedInterfaceOrientations_iPad = "UIInterfaceOrientationPortrait UIInterfaceOrientationPortraitUpsideDown UIInterfaceOrientationLandscapeLeft UIInterfaceOrientationLandscapeRight";
				INFOPLIST_KEY_UISupportedInterfaceOrientations_iPhone = "UIInterfaceOrientationPortrait UIInterfaceOrientationLandscapeLeft UIInterfaceOrientationLandscapeRight";
				LD_RUNPATH_SEARCH_PATHS = (
					"$(inherited)",
					"@executable_path/Frameworks",
				);
				MARKETING_VERSION = 1.0;
				PRODUCT_BUNDLE_IDENTIFIER = "ca.camosun.ics21-126.Lab9Game";
				PRODUCT_NAME = "$(TARGET_NAME)";
				SWIFT_EMIT_LOC_STRINGS = YES;
				SWIFT_VERSION = 5.0;
				TARGETED_DEVICE_FAMILY = "1,2";
			};
			name = Release;
		};
		7659490B2BAE31A500484663 /* Debug */ = {
			isa = XCBuildConfiguration;
			buildSettings = {
				ALWAYS_EMBED_SWIFT_STANDARD_LIBRARIES = YES;
				BUNDLE_LOADER = "$(TEST_HOST)";
				CODE_SIGN_STYLE = Automatic;
				CURRENT_PROJECT_VERSION = 1;
				GENERATE_INFOPLIST_FILE = YES;
				IPHONEOS_DEPLOYMENT_TARGET = 17.4;
				MARKETING_VERSION = 1.0;
				PRODUCT_BUNDLE_IDENTIFIER = "ca.camosun.ics21-126.Lab9GameTests";
				PRODUCT_NAME = "$(TARGET_NAME)";
				SWIFT_EMIT_LOC_STRINGS = NO;
				SWIFT_VERSION = 5.0;
				TARGETED_DEVICE_FAMILY = "1,2";
				TEST_HOST = "$(BUILT_PRODUCTS_DIR)/Lab9Game.app/$(BUNDLE_EXECUTABLE_FOLDER_PATH)/Lab9Game";
			};
			name = Debug;
		};
		7659490C2BAE31A500484663 /* Release */ = {
			isa = XCBuildConfiguration;
			buildSettings = {
				ALWAYS_EMBED_SWIFT_STANDARD_LIBRARIES = YES;
				BUNDLE_LOADER = "$(TEST_HOST)";
				CODE_SIGN_STYLE = Automatic;
				CURRENT_PROJECT_VERSION = 1;
				GENERATE_INFOPLIST_FILE = YES;
				IPHONEOS_DEPLOYMENT_TARGET = 17.4;
				MARKETING_VERSION = 1.0;
				PRODUCT_BUNDLE_IDENTIFIER = "ca.camosun.ics21-126.Lab9GameTests";
				PRODUCT_NAME = "$(TARGET_NAME)";
				SWIFT_EMIT_LOC_STRINGS = NO;
				SWIFT_VERSION = 5.0;
				TARGETED_DEVICE_FAMILY = "1,2";
				TEST_HOST = "$(BUILT_PRODUCTS_DIR)/Lab9Game.app/$(BUNDLE_EXECUTABLE_FOLDER_PATH)/Lab9Game";
			};
			name = Release;
		};
		7659490E2BAE31A500484663 /* Debug */ = {
			isa = XCBuildConfiguration;
			buildSettings = {
				ALWAYS_EMBED_SWIFT_STANDARD_LIBRARIES = YES;
				CODE_SIGN_STYLE = Automatic;
				CURRENT_PROJECT_VERSION = 1;
				GENERATE_INFOPLIST_FILE = YES;
				MARKETING_VERSION = 1.0;
				PRODUCT_BUNDLE_IDENTIFIER = "ca.camosun.ics21-126.Lab9GameUITests";
				PRODUCT_NAME = "$(TARGET_NAME)";
				SWIFT_EMIT_LOC_STRINGS = NO;
				SWIFT_VERSION = 5.0;
				TARGETED_DEVICE_FAMILY = "1,2";
				TEST_TARGET_NAME = Lab9Game;
			};
			name = Debug;
		};
		7659490F2BAE31A500484663 /* Release */ = {
			isa = XCBuildConfiguration;
			buildSettings = {
				ALWAYS_EMBED_SWIFT_STANDARD_LIBRARIES = YES;
				CODE_SIGN_STYLE = Automatic;
				CURRENT_PROJECT_VERSION = 1;
				GENERATE_INFOPLIST_FILE = YES;
				MARKETING_VERSION = 1.0;
				PRODUCT_BUNDLE_IDENTIFIER = "ca.camosun.ics21-126.Lab9GameUITests";
				PRODUCT_NAME = "$(TARGET_NAME)";
				SWIFT_EMIT_LOC_STRINGS = NO;
				SWIFT_VERSION = 5.0;
				TARGETED_DEVICE_FAMILY = "1,2";
				TEST_TARGET_NAME = Lab9Game;
			};
			name = Release;
		};
/* End XCBuildConfiguration section */

/* Begin XCConfigurationList section */
		765948D52BAE31A200484663 /* Build configuration list for PBXProject "Lab9Game" */ = {
			isa = XCConfigurationList;
			buildConfigurations = (
				765949052BAE31A500484663 /* Debug */,
				765949062BAE31A500484663 /* Release */,
			);
			defaultConfigurationIsVisible = 0;
			defaultConfigurationName = Release;
		};
		765949072BAE31A500484663 /* Build configuration list for PBXNativeTarget "Lab9Game" */ = {
			isa = XCConfigurationList;
			buildConfigurations = (
				765949082BAE31A500484663 /* Debug */,
				765949092BAE31A500484663 /* Release */,
			);
			defaultConfigurationIsVisible = 0;
			defaultConfigurationName = Release;
		};
		7659490A2BAE31A500484663 /* Build configuration list for PBXNativeTarget "Lab9GameTests" */ = {
			isa = XCConfigurationList;
			buildConfigurations = (
				7659490B2BAE31A500484663 /* Debug */,
				7659490C2BAE31A500484663 /* Release */,
			);
			defaultConfigurationIsVisible = 0;
			defaultConfigurationName = Release;
		};
		7659490D2BAE31A500484663 /* Build configuration list for PBXNativeTarget "Lab9GameUITests" */ = {
			isa = XCConfigurationList;
			buildConfigurations = (
				7659490E2BAE31A500484663 /* Debug */,
				7659490F2BAE31A500484663 /* Release */,
			);
			defaultConfigurationIsVisible = 0;
			defaultConfigurationName = Release;
		};
/* End XCConfigurationList section */
	};
	rootObject = 765948D22BAE31A200484663 /* Project object */;
}
